
Microsoft Visual Studio Solution File, Format Version 12.00
# Visual Studio Version 17
VisualStudioVersion = 17.4.33213.308
MinimumVisualStudioVersion = 10.0.40219.1
Project("{9A19103F-16F7-4668-BE54-9A1E7A4F7556}") = "HomeworkAspNet3", "HomeworkAspNet3\HomeworkAspNet3.csproj", "{85DF4FDD-5930-4933-BC8E-64ADB85802C5}"
EndProject
Project("{FAE04EC0-301F-11D3-BF4B-00C04F79EFBC}") = "HomeworkAspNet3Task2", "HomeworkAspNet3Task2\HomeworkAspNet3Task2.csproj", "{7ECBA646-D85C-4ECC-8D19-1F90DDCDB726}"
EndProject
Project("{FAE04EC0-301F-11D3-BF4B-00C04F79EFBC}") = "HomeworkAspNet3Task3", "HomeworkAspNet3Task3\HomeworkAspNet3Task3.csproj", "{52FC9542-FA07-4D96-AFF1-BE269881B400}"
EndProject
Project("{FAE04EC0-301F-11D3-BF4B-00C04F79EFBC}") = "HomeworkAspNet3Task4", "HomeworkAspNet3Task4\HomeworkAspNet3Task4.csproj", "{FF49F890-6D3F-4D84-9DB1-D8B3F3C3AC0A}"
EndProject
Global
	GlobalSection(SolutionConfigurationPlatforms) = preSolution
		Debug|Any CPU = Debug|Any CPU
		Release|Any CPU = Release|Any CPU
	EndGlobalSection
	GlobalSection(ProjectConfigurationPlatforms) = postSolution
		{85DF4FDD-5930-4933-BC8E-64ADB85802C5}.Debug|Any CPU.ActiveCfg = Debug|Any CPU
		{85DF4FDD-5930-4933-BC8E-64ADB85802C5}.Debug|Any CPU.Build.0 = Debug|Any CPU
		{85DF4FDD-5930-4933-BC8E-64ADB85802C5}.Release|Any CPU.ActiveCfg = Release|Any CPU
		{85DF4FDD-5930-4933-BC8E-64ADB85802C5}.Release|Any CPU.Build.0 = Release|Any CPU
		{7ECBA646-D85C-4ECC-8D19-1F90DDCDB726}.Debug|Any CPU.ActiveCfg = Debug|Any CPU
		{7ECBA646-D85C-4ECC-8D19-1F90DDCDB726}.Debug|Any CPU.Build.0 = Debug|Any CPU
		{7ECBA646-D85C-4ECC-8D19-1F90DDCDB726}.Release|Any CPU.ActiveCfg = Release|Any CPU
		{7ECBA646-D85C-4ECC-8D19-1F90DDCDB726}.Release|Any CPU.Build.0 = Release|Any CPU
		{52FC9542-FA07-4D96-AFF1-BE269881B400}.Debug|Any CPU.ActiveCfg = Debug|Any CPU
		{52FC9542-FA07-4D96-AFF1-BE269881B400}.Debug|Any CPU.Build.0 = Debug|Any CPU
		{52FC9542-FA07-4D96-AFF1-BE269881B400}.Release|Any CPU.ActiveCfg = Release|Any CPU
		{52FC9542-FA07-4D96-AFF1-BE269881B400}.Release|Any CPU.Build.0 = Release|Any CPU
		{FF49F890-6D3F-4D84-9DB1-D8B3F3C3AC0A}.Debug|Any CPU.ActiveCfg = Debug|Any CPU
		{FF49F890-6D3F-4D84-9DB1-D8B3F3C3AC0A}.Debug|Any CPU.Build.0 = Debug|Any CPU
		{FF49F890-6D3F-4D84-9DB1-D8B3F3C3AC0A}.Release|Any CPU.ActiveCfg = Release|Any CPU
		{FF49F890-6D3F-4D84-9DB1-D8B3F3C3AC0A}.Release|Any CPU.Build.0 = Release|Any CPU
	EndGlobalSection
	GlobalSection(SolutionProperties) = preSolution
		HideSolutionNode = FALSE
	EndGlobalSection
	GlobalSection(ExtensibilityGlobals) = postSolution
		SolutionGuid = {CF3A4DB1-CA65-4730-815A-6A0C258DDE38}
	EndGlobalSection
EndGlobal
